
Microsoft Visual Studio Solution File, Format Version 11.00
# Visual Studio 2010
Project("{8BC9CEB8-8B4A-11D0-8D11-00A0C91BC942}") = "17_NumericStrings", "17_NumericStrings\17_NumericStrings.vcxproj", "{B021D2CA-D03E-48D7-AAB0-2B19D73C80DF}"
EndProject
Global
	GlobalSection(SolutionConfigurationPlatforms) = preSolution
		Debug|Win32 = Debug|Win32
		Release|Win32 = Release|Win32
	EndGlobalSection
	GlobalSection(ProjectConfigurationPlatforms) = postSolution
		{B021D2CA-D03E-48D7-AAB0-2B19D73C80DF}.Debug|Win32.ActiveCfg = Debug|Win32
		{B021D2CA-D03E-48D7-AAB0-2B19D73C80DF}.Debug|Win32.Build.0 = Debug|Win32
		{B021D2CA-D03E-48D7-AAB0-2B19D73C80DF}.Release|Win32.ActiveCfg = Release|Win32
		{B021D2CA-D03E-48D7-AAB0-2B19D73C80DF}.Release|Win32.Build.0 = Release|Win32
	EndGlobalSection
	GlobalSection(SolutionProperties) = preSolution
		HideSolutionNode = FALSE
	EndGlobalSection
EndGlobal
