
Microsoft Visual Studio Solution File, Format Version 11.00
# Visual Studio 2010
Project("{8BC9CEB8-8B4A-11D0-8D11-00A0C91BC942}") = "25_SymmetricalBinaryTree", "25_SymmetricalBinaryTree\25_SymmetricalBinaryTree.vcxproj", "{A0F9A89B-BDEC-47A1-BE93-55C5F72EE719}"
EndProject
Global
	GlobalSection(SolutionConfigurationPlatforms) = preSolution
		Debug|Win32 = Debug|Win32
		Release|Win32 = Release|Win32
	EndGlobalSection
	GlobalSection(ProjectConfigurationPlatforms) = postSolution
		{A0F9A89B-BDEC-47A1-BE93-55C5F72EE719}.Debug|Win32.ActiveCfg = Debug|Win32
		{A0F9A89B-BDEC-47A1-BE93-55C5F72EE719}.Debug|Win32.Build.0 = Debug|Win32
		{A0F9A89B-BDEC-47A1-BE93-55C5F72EE719}.Release|Win32.ActiveCfg = Release|Win32
		{A0F9A89B-BDEC-47A1-BE93-55C5F72EE719}.Release|Win32.Build.0 = Release|Win32
	EndGlobalSection
	GlobalSection(SolutionProperties) = preSolution
		HideSolutionNode = FALSE
	EndGlobalSection
EndGlobal
