
Microsoft Visual Studio Solution File, Format Version 11.00
# Visual Studio 2010
Project("{8BC9CEB8-8B4A-11D0-8D11-00A0C91BC942}") = "9_RobotMove", "9_RobotMove\9_RobotMove.vcxproj", "{EDFDDC53-7B32-41E2-BBE8-49DE4FC9FA31}"
EndProject
Global
	GlobalSection(SolutionConfigurationPlatforms) = preSolution
		Debug|Win32 = Debug|Win32
		Release|Win32 = Release|Win32
	EndGlobalSection
	GlobalSection(ProjectConfigurationPlatforms) = postSolution
		{EDFDDC53-7B32-41E2-BBE8-49DE4FC9FA31}.Debug|Win32.ActiveCfg = Debug|Win32
		{EDFDDC53-7B32-41E2-BBE8-49DE4FC9FA31}.Debug|Win32.Build.0 = Debug|Win32
		{EDFDDC53-7B32-41E2-BBE8-49DE4FC9FA31}.Release|Win32.ActiveCfg = Release|Win32
		{EDFDDC53-7B32-41E2-BBE8-49DE4FC9FA31}.Release|Win32.Build.0 = Release|Win32
	EndGlobalSection
	GlobalSection(SolutionProperties) = preSolution
		HideSolutionNode = FALSE
	EndGlobalSection
EndGlobal
